
Microsoft Visual Studio Solution File, Format Version 12.00
# Visual Studio Version 16
VisualStudioVersion = 16.0.29326.143
MinimumVisualStudioVersion = 10.0.40219.1
Project("{FAE04EC0-301F-11D3-BF4B-00C04F79EFBC}") = "HeartbeatService", "HeartbeatService\HeartbeatService.csproj", "{0F7BE18D-EE7B-459B-B5E1-726E05122F43}"
EndProject
Global
	GlobalSection(SolutionConfigurationPlatforms) = preSolution
		Debug|Any CPU = Debug|Any CPU
		Release|Any CPU = Release|Any CPU
	EndGlobalSection
	GlobalSection(ProjectConfigurationPlatforms) = postSolution
		{0F7BE18D-EE7B-459B-B5E1-726E05122F43}.Debug|Any CPU.ActiveCfg = Debug|Any CPU
		{0F7BE18D-EE7B-459B-B5E1-726E05122F43}.Debug|Any CPU.Build.0 = Debug|Any CPU
		{0F7BE18D-EE7B-459B-B5E1-726E05122F43}.Release|Any CPU.ActiveCfg = Release|Any CPU
		{0F7BE18D-EE7B-459B-B5E1-726E05122F43}.Release|Any CPU.Build.0 = Release|Any CPU
	EndGlobalSection
	GlobalSection(SolutionProperties) = preSolution
		HideSolutionNode = FALSE
	EndGlobalSection
	GlobalSection(ExtensibilityGlobals) = postSolution
		SolutionGuid = {A5E929FD-F3C0-47E6-B801-5B92C4118D16}
	EndGlobalSection
EndGlobal
